
Microsoft Visual Studio Solution File, Format Version 12.00
# Visual Studio Version 16
VisualStudioVersion = 16.0.29613.14
MinimumVisualStudioVersion = 10.0.40219.1
Project("{9A19103F-16F7-4668-BE54-9A1E7A4F7556}") = "NHSE.WinForms", "NHSE.WinForms\NHSE.WinForms.csproj", "{86B1C45C-6D42-414C-80AD-5B2333308CC1}"
EndProject
Project("{9A19103F-16F7-4668-BE54-9A1E7A4F7556}") = "NHSE.Core", "NHSE.Core\NHSE.Core.csproj", "{688B8976-584E-404A-8BAA-90FA45ADC428}"
EndProject
Project("{9A19103F-16F7-4668-BE54-9A1E7A4F7556}") = "NHSE.Sprites", "NHSE.Sprites\NHSE.Sprites.csproj", "{D4984821-00C3-4F1C-BAEC-F66CDA7B7388}"
EndProject
Project("{9A19103F-16F7-4668-BE54-9A1E7A4F7556}") = "NHSE.Parsing", "NHSE.Parsing\NHSE.Parsing.csproj", "{D6E5CE99-6182-49BA-AD8D-EC12E90A20E3}"
EndProject
Project("{9A19103F-16F7-4668-BE54-9A1E7A4F7556}") = "NHSE.Tests", "NHSE.Tests\NHSE.Tests.csproj", "{AD3412A3-74EA-443D-BB07-B36E39D5166F}"
EndProject
Project("{9A19103F-16F7-4668-BE54-9A1E7A4F7556}") = "NHSE.Injection", "NHSE.Injection\NHSE.Injection.csproj", "{319E810B-A516-480E-88BD-F648222344D3}"
EndProject
Project("{FAE04EC0-301F-11D3-BF4B-00C04F79EFBC}") = "NHSE.Villagers", "NHSE.Villagers\NHSE.Villagers.csproj", "{83026766-A61B-49DC-BBF7-D876813ECAA1}"
EndProject
Global
	GlobalSection(SolutionConfigurationPlatforms) = preSolution
		Debug|Any CPU = Debug|Any CPU
		Debug|x86 = Debug|x86
		Release|Any CPU = Release|Any CPU
		Release|x86 = Release|x86
	EndGlobalSection
	GlobalSection(ProjectConfigurationPlatforms) = postSolution
		{86B1C45C-6D42-414C-80AD-5B2333308CC1}.Debug|Any CPU.ActiveCfg = Debug|Any CPU
		{86B1C45C-6D42-414C-80AD-5B2333308CC1}.Debug|Any CPU.Build.0 = Debug|Any CPU
		{86B1C45C-6D42-414C-80AD-5B2333308CC1}.Debug|x86.ActiveCfg = Debug|x86
		{86B1C45C-6D42-414C-80AD-5B2333308CC1}.Debug|x86.Build.0 = Debug|x86
		{86B1C45C-6D42-414C-80AD-5B2333308CC1}.Release|Any CPU.ActiveCfg = Release|Any CPU
		{86B1C45C-6D42-414C-80AD-5B2333308CC1}.Release|Any CPU.Build.0 = Release|Any CPU
		{86B1C45C-6D42-414C-80AD-5B2333308CC1}.Release|x86.ActiveCfg = Release|x86
		{86B1C45C-6D42-414C-80AD-5B2333308CC1}.Release|x86.Build.0 = Release|x86
		{688B8976-584E-404A-8BAA-90FA45ADC428}.Debug|Any CPU.ActiveCfg = Debug|Any CPU
		{688B8976-584E-404A-8BAA-90FA45ADC428}.Debug|Any CPU.Build.0 = Debug|Any CPU
		{688B8976-584E-404A-8BAA-90FA45ADC428}.Debug|x86.ActiveCfg = Debug|Any CPU
		{688B8976-584E-404A-8BAA-90FA45ADC428}.Debug|x86.Build.0 = Debug|Any CPU
		{688B8976-584E-404A-8BAA-90FA45ADC428}.Release|Any CPU.ActiveCfg = Release|Any CPU
		{688B8976-584E-404A-8BAA-90FA45ADC428}.Release|Any CPU.Build.0 = Release|Any CPU
		{688B8976-584E-404A-8BAA-90FA45ADC428}.Release|x86.ActiveCfg = Release|Any CPU
		{688B8976-584E-404A-8BAA-90FA45ADC428}.Release|x86.Build.0 = Release|Any CPU
		{D4984821-00C3-4F1C-BAEC-F66CDA7B7388}.Debug|Any CPU.ActiveCfg = Debug|Any CPU
		{D4984821-00C3-4F1C-BAEC-F66CDA7B7388}.Debug|Any CPU.Build.0 = Debug|Any CPU
		{D4984821-00C3-4F1C-BAEC-F66CDA7B7388}.Debug|x86.ActiveCfg = Debug|Any CPU
		{D4984821-00C3-4F1C-BAEC-F66CDA7B7388}.Debug|x86.Build.0 = Debug|Any CPU
		{D4984821-00C3-4F1C-BAEC-F66CDA7B7388}.Release|Any CPU.ActiveCfg = Release|Any CPU
		{D4984821-00C3-4F1C-BAEC-F66CDA7B7388}.Release|Any CPU.Build.0 = Release|Any CPU
		{D4984821-00C3-4F1C-BAEC-F66CDA7B7388}.Release|x86.ActiveCfg = Release|Any CPU
		{D4984821-00C3-4F1C-BAEC-F66CDA7B7388}.Release|x86.Build.0 = Release|Any CPU
		{D6E5CE99-6182-49BA-AD8D-EC12E90A20E3}.Debug|Any CPU.ActiveCfg = Debug|Any CPU
		{D6E5CE99-6182-49BA-AD8D-EC12E90A20E3}.Debug|Any CPU.Build.0 = Debug|Any CPU
		{D6E5CE99-6182-49BA-AD8D-EC12E90A20E3}.Debug|x86.ActiveCfg = Debug|Any CPU
		{D6E5CE99-6182-49BA-AD8D-EC12E90A20E3}.Debug|x86.Build.0 = Debug|Any CPU
		{D6E5CE99-6182-49BA-AD8D-EC12E90A20E3}.Release|Any CPU.ActiveCfg = Release|Any CPU
		{D6E5CE99-6182-49BA-AD8D-EC12E90A20E3}.Release|Any CPU.Build.0 = Release|Any CPU
		{D6E5CE99-6182-49BA-AD8D-EC12E90A20E3}.Release|x86.ActiveCfg = Release|Any CPU
		{D6E5CE99-6182-49BA-AD8D-EC12E90A20E3}.Release|x86.Build.0 = Release|Any CPU
		{AD3412A3-74EA-443D-BB07-B36E39D5166F}.Debug|Any CPU.ActiveCfg = Debug|Any CPU
		{AD3412A3-74EA-443D-BB07-B36E39D5166F}.Debug|Any CPU.Build.0 = Debug|Any CPU
		{AD3412A3-74EA-443D-BB07-B36E39D5166F}.Debug|x86.ActiveCfg = Debug|Any CPU
		{AD3412A3-74EA-443D-BB07-B36E39D5166F}.Debug|x86.Build.0 = Debug|Any CPU
		{AD3412A3-74EA-443D-BB07-B36E39D5166F}.Release|Any CPU.ActiveCfg = Release|Any CPU
		{AD3412A3-74EA-443D-BB07-B36E39D5166F}.Release|Any CPU.Build.0 = Release|Any CPU
		{AD3412A3-74EA-443D-BB07-B36E39D5166F}.Release|x86.ActiveCfg = Release|Any CPU
		{AD3412A3-74EA-443D-BB07-B36E39D5166F}.Release|x86.Build.0 = Release|Any CPU
		{319E810B-A516-480E-88BD-F648222344D3}.Debug|Any CPU.ActiveCfg = Debug|Any CPU
		{319E810B-A516-480E-88BD-F648222344D3}.Debug|Any CPU.Build.0 = Debug|Any CPU
		{319E810B-A516-480E-88BD-F648222344D3}.Debug|x86.ActiveCfg = Debug|Any CPU
		{319E810B-A516-480E-88BD-F648222344D3}.Debug|x86.Build.0 = Debug|Any CPU
		{319E810B-A516-480E-88BD-F648222344D3}.Release|Any CPU.ActiveCfg = Release|Any CPU
		{319E810B-A516-480E-88BD-F648222344D3}.Release|Any CPU.Build.0 = Release|Any CPU
		{319E810B-A516-480E-88BD-F648222344D3}.Release|x86.ActiveCfg = Release|Any CPU
		{319E810B-A516-480E-88BD-F648222344D3}.Release|x86.Build.0 = Release|Any CPU
		{83026766-A61B-49DC-BBF7-D876813ECAA1}.Debug|Any CPU.ActiveCfg = Debug|Any CPU
		{83026766-A61B-49DC-BBF7-D876813ECAA1}.Debug|Any CPU.Build.0 = Debug|Any CPU
		{83026766-A61B-49DC-BBF7-D876813ECAA1}.Debug|x86.ActiveCfg = Debug|Any CPU
		{83026766-A61B-49DC-BBF7-D876813ECAA1}.Debug|x86.Build.0 = Debug|Any CPU
		{83026766-A61B-49DC-BBF7-D876813ECAA1}.Release|Any CPU.ActiveCfg = Release|Any CPU
		{83026766-A61B-49DC-BBF7-D876813ECAA1}.Release|Any CPU.Build.0 = Release|Any CPU
		{83026766-A61B-49DC-BBF7-D876813ECAA1}.Release|x86.ActiveCfg = Release|Any CPU
		{83026766-A61B-49DC-BBF7-D876813ECAA1}.Release|x86.Build.0 = Release|Any CPU
	EndGlobalSection
	GlobalSection(SolutionProperties) = preSolution
		HideSolutionNode = FALSE
	EndGlobalSection
	GlobalSection(ExtensibilityGlobals) = postSolution
		SolutionGuid = {3B68542E-189F-4448-A305-0F6B99B8F920}
	EndGlobalSection
EndGlobal
